
Microsoft Visual Studio Solution File, Format Version 12.00
# Visual Studio Version 17
VisualStudioVersion = 17.10.34928.147
MinimumVisualStudioVersion = 10.0.40219.1
Project("{9A19103F-16F7-4668-BE54-9A1E7A4F7556}") = "IPInformationRetrieval", "IPInformationRetrieval.csproj", "{19B4884C-444A-4A97-B5F6-FCA2A86C6F5F}"
EndProject
Project("{9A19103F-16F7-4668-BE54-9A1E7A4F7556}") = "IPInformationRetrieval_Tests", "..\tests\IPInformationRetrieval_Tests.csproj", "{C85C74D0-C372-43A5-9189-9D0A41813EDE}"
EndProject
Project("{2150E333-8FDC-42A3-9474-1A3956D46DE8}") = "tests", "tests", "{E985DAF0-F437-4755-B6E2-9CF0C4117280}"
EndProject
Global
	GlobalSection(SolutionConfigurationPlatforms) = preSolution
		Debug|Any CPU = Debug|Any CPU
		Release|Any CPU = Release|Any CPU
	EndGlobalSection
	GlobalSection(ProjectConfigurationPlatforms) = postSolution
		{19B4884C-444A-4A97-B5F6-FCA2A86C6F5F}.Debug|Any CPU.ActiveCfg = Debug|Any CPU
		{19B4884C-444A-4A97-B5F6-FCA2A86C6F5F}.Debug|Any CPU.Build.0 = Debug|Any CPU
		{19B4884C-444A-4A97-B5F6-FCA2A86C6F5F}.Release|Any CPU.ActiveCfg = Release|Any CPU
		{19B4884C-444A-4A97-B5F6-FCA2A86C6F5F}.Release|Any CPU.Build.0 = Release|Any CPU
		{C85C74D0-C372-43A5-9189-9D0A41813EDE}.Debug|Any CPU.ActiveCfg = Debug|Any CPU
		{C85C74D0-C372-43A5-9189-9D0A41813EDE}.Debug|Any CPU.Build.0 = Debug|Any CPU
		{C85C74D0-C372-43A5-9189-9D0A41813EDE}.Release|Any CPU.ActiveCfg = Release|Any CPU
		{C85C74D0-C372-43A5-9189-9D0A41813EDE}.Release|Any CPU.Build.0 = Release|Any CPU
	EndGlobalSection
	GlobalSection(SolutionProperties) = preSolution
		HideSolutionNode = FALSE
	EndGlobalSection
	GlobalSection(NestedProjects) = preSolution
		{C85C74D0-C372-43A5-9189-9D0A41813EDE} = {E985DAF0-F437-4755-B6E2-9CF0C4117280}
	EndGlobalSection
	GlobalSection(ExtensibilityGlobals) = postSolution
		SolutionGuid = {66A74CF2-BC11-4835-8A9E-83F02F7C4D19}
	EndGlobalSection
EndGlobal
